
Microsoft Visual Studio Solution File, Format Version 12.00
# Visual Studio Version 16
VisualStudioVersion = 16.0.34407.143
MinimumVisualStudioVersion = 10.0.40219.1
Project("{FAE04EC0-301F-11D3-BF4B-00C04F79EFBC}") = "PR2Aksenova", "PR2Aksenova\PR2Aksenova.csproj", "{2E4E107D-84EE-436C-9284-5879CEC8F5E0}"
EndProject
Global
	GlobalSection(SolutionConfigurationPlatforms) = preSolution
		Debug|Any CPU = Debug|Any CPU
		Release|Any CPU = Release|Any CPU
	EndGlobalSection
	GlobalSection(ProjectConfigurationPlatforms) = postSolution
		{2E4E107D-84EE-436C-9284-5879CEC8F5E0}.Debug|Any CPU.ActiveCfg = Debug|Any CPU
		{2E4E107D-84EE-436C-9284-5879CEC8F5E0}.Debug|Any CPU.Build.0 = Debug|Any CPU
		{2E4E107D-84EE-436C-9284-5879CEC8F5E0}.Release|Any CPU.ActiveCfg = Release|Any CPU
		{2E4E107D-84EE-436C-9284-5879CEC8F5E0}.Release|Any CPU.Build.0 = Release|Any CPU
	EndGlobalSection
	GlobalSection(SolutionProperties) = preSolution
		HideSolutionNode = FALSE
	EndGlobalSection
	GlobalSection(ExtensibilityGlobals) = postSolution
		SolutionGuid = {F41D4571-4999-4635-9FAD-3208CC4A943D}
	EndGlobalSection
EndGlobal
